// !$*UTF8*$!
{
	archiveVersion = 1;
	classes = {
	};
	objectVersion = 50;
	objects = {

/* Begin PBXBuildFile section */
		9302985921F959740032D9CF /* AppDelegate.swift in Sources */ = {isa = PBXBuildFile; fileRef = 9302985821F959740032D9CF /* AppDelegate.swift */; };
		9302985B21F959740032D9CF /* ViewController.swift in Sources */ = {isa = PBXBuildFile; fileRef = 9302985A21F959740032D9CF /* ViewController.swift */; };
		9302985E21F959740032D9CF /* Main.storyboard in Resources */ = {isa = PBXBuildFile; fileRef = 9302985C21F959740032D9CF /* Main.storyboard */; };
		9302986121F959740032D9CF /* SleepingInTheLibrary.xcdatamodeld in Sources */ = {isa = PBXBuildFile; fileRef = 9302985F21F959740032D9CF /* SleepingInTheLibrary.xcdatamodeld */; };
		9302986321F959780032D9CF /* Assets.xcassets in Resources */ = {isa = PBXBuildFile; fileRef = 9302986221F959780032D9CF /* Assets.xcassets */; };
		9302986621F959780032D9CF /* LaunchScreen.storyboard in Resources */ = {isa = PBXBuildFile; fileRef = 9302986421F959780032D9CF /* LaunchScreen.storyboard */; };
		9302987121F959780032D9CF /* SleepingInTheLibraryTests.swift in Sources */ = {isa = PBXBuildFile; fileRef = 9302987021F959780032D9CF /* SleepingInTheLibraryTests.swift */; };
		9302987C21F95D9B0032D9CF /* GCDBlackBox.swift in Sources */ = {isa = PBXBuildFile; fileRef = 9302987B21F95D9B0032D9CF /* GCDBlackBox.swift */; };
		9302987E21F95FD60032D9CF /* Constants.swift in Sources */ = {isa = PBXBuildFile; fileRef = 9302987D21F95FD60032D9CF /* Constants.swift */; };
/* End PBXBuildFile section */

/* Begin PBXContainerItemProxy section */
		9302986D21F959780032D9CF /* PBXContainerItemProxy */ = {
			isa = PBXContainerItemProxy;
			containerPortal = 9302984D21F959740032D9CF /* Project object */;
			proxyType = 1;
			remoteGlobalIDString = 9302985421F959740032D9CF;
			remoteInfo = SleepingInTheLibrary;
		};
/* End PBXContainerItemProxy section */

/* Begin PBXFileReference section */
		9302985521F959740032D9CF /* SleepingInTheLibrary.app */ = {isa = PBXFileReference; explicitFileType = wrapper.application; includeInIndex = 0; path = SleepingInTheLibrary.app; sourceTree = BUILT_PRODUCTS_DIR; };
		9302985821F959740032D9CF /* AppDelegate.swift */ = {isa = PBXFileReference; lastKnownFileType = sourcecode.swift; path = AppDelegate.swift; sourceTree = "<group>"; };
		9302985A21F959740032D9CF /* ViewController.swift */ = {isa = PBXFileReference; lastKnownFileType = sourcecode.swift; path = ViewController.swift; sourceTree = "<group>"; };
		9302985D21F959740032D9CF /* Base */ = {isa = PBXFileReference; lastKnownFileType = file.storyboard; name = Base; path = Base.lproj/Main.storyboard; sourceTree = "<group>"; };
		9302986021F959740032D9CF /* SleepingInTheLibrary.xcdatamodel */ = {isa = PBXFileReference; lastKnownFileType = wrapper.xcdatamodel; path = SleepingInTheLibrary.xcdatamodel; sourceTree = "<group>"; };
		9302986221F959780032D9CF /* Assets.xcassets */ = {isa = PBXFileReference; lastKnownFileType = folder.assetcatalog; path = Assets.xcassets; sourceTree = "<group>"; };
		9302986521F959780032D9CF /* Base */ = {isa = PBXFileReference; lastKnownFileType = file.storyboard; name = Base; path = Base.lproj/LaunchScreen.storyboard; sourceTree = "<group>"; };
		9302986721F959780032D9CF /* Info.plist */ = {isa = PBXFileReference; lastKnownFileType = text.plist.xml; path = Info.plist; sourceTree = "<group>"; };
		9302986C21F959780032D9CF /* SleepingInTheLibraryTests.xctest */ = {isa = PBXFileReference; explicitFileType = wrapper.cfbundle; includeInIndex = 0; path = SleepingInTheLibraryTests.xctest; sourceTree = BUILT_PRODUCTS_DIR; };
		9302987021F959780032D9CF /* SleepingInTheLibraryTests.swift */ = {isa = PBXFileReference; lastKnownFileType = sourcecode.swift; path = SleepingInTheLibraryTests.swift; sourceTree = "<group>"; };
		9302987221F959790032D9CF /* Info.plist */ = {isa = PBXFileReference; lastKnownFileType = text.plist.xml; path = Info.plist; sourceTree = "<group>"; };
		9302987B21F95D9B0032D9CF /* GCDBlackBox.swift */ = {isa = PBXFileReference; lastKnownFileType = sourcecode.swift; path = GCDBlackBox.swift; sourceTree = "<group>"; };
		9302987D21F95FD60032D9CF /* Constants.swift */ = {isa = PBXFileReference; lastKnownFileType = sourcecode.swift; path = Constants.swift; sourceTree = "<group>"; };
/* End PBXFileReference section */

/* Begin PBXFrameworksBuildPhase section */
		9302985221F959740032D9CF /* Frameworks */ = {
			isa = PBXFrameworksBuildPhase;
			buildActionMask = 2147483647;
			files = (
			);
			runOnlyForDeploymentPostprocessing = 0;
		};
		9302986921F959780032D9CF /* Frameworks */ = {
			isa = PBXFrameworksBuildPhase;
			buildActionMask = 2147483647;
			files = (
			);
			runOnlyForDeploymentPostprocessing = 0;
		};
/* End PBXFrameworksBuildPhase section */

/* Begin PBXGroup section */
		9302984C21F959740032D9CF = {
			isa = PBXGroup;
			children = (
				9302985721F959740032D9CF /* SleepingInTheLibrary */,
				9302986F21F959780032D9CF /* SleepingInTheLibraryTests */,
				9302985621F959740032D9CF /* Products */,
			);
			sourceTree = "<group>";
		};
		9302985621F959740032D9CF /* Products */ = {
			isa = PBXGroup;
			children = (
				9302985521F959740032D9CF /* SleepingInTheLibrary.app */,
				9302986C21F959780032D9CF /* SleepingInTheLibraryTests.xctest */,
			);
			name = Products;
			sourceTree = "<group>";
		};
		9302985721F959740032D9CF /* SleepingInTheLibrary */ = {
			isa = PBXGroup;
			children = (
				9302985821F959740032D9CF /* AppDelegate.swift */,
				9302985A21F959740032D9CF /* ViewController.swift */,
				9302987B21F95D9B0032D9CF /* GCDBlackBox.swift */,
				9302987D21F95FD60032D9CF /* Constants.swift */,
				9302985C21F959740032D9CF /* Main.storyboard */,
				9302986221F959780032D9CF /* Assets.xcassets */,
				9302986421F959780032D9CF /* LaunchScreen.storyboard */,
				9302986721F959780032D9CF /* Info.plist */,
				9302985F21F959740032D9CF /* SleepingInTheLibrary.xcdatamodeld */,
			);
			path = SleepingInTheLibrary;
			sourceTree = "<group>";
		};
		9302986F21F959780032D9CF /* SleepingInTheLibraryTests */ = {
			isa = PBXGroup;
			children = (
				9302987021F959780032D9CF /* SleepingInTheLibraryTests.swift */,
				9302987221F959790032D9CF /* Info.plist */,
			);
			path = SleepingInTheLibraryTests;
			sourceTree = "<group>";
		};
/* End PBXGroup section */

/* Begin PBXNativeTarget section */
		9302985421F959740032D9CF /* SleepingInTheLibrary */ = {
			isa = PBXNativeTarget;
			buildConfigurationList = 9302987521F959790032D9CF /* Build configuration list for PBXNativeTarget "SleepingInTheLibrary" */;
			buildPhases = (
				9302985121F959740032D9CF /* Sources */,
				9302985221F959740032D9CF /* Frameworks */,
				9302985321F959740032D9CF /* Resources */,
			);
			buildRules = (
			);
			dependencies = (
			);
			name = SleepingInTheLibrary;
			productName = SleepingInTheLibrary;
			productReference = 9302985521F959740032D9CF /* SleepingInTheLibrary.app */;
			productType = "com.apple.product-type.application";
		};
		9302986B21F959780032D9CF /* SleepingInTheLibraryTests */ = {
			isa = PBXNativeTarget;
			buildConfigurationList = 9302987821F959790032D9CF /* Build configuration list for PBXNativeTarget "SleepingInTheLibraryTests" */;
			buildPhases = (
				9302986821F959780032D9CF /* Sources */,
				9302986921F959780032D9CF /* Frameworks */,
				9302986A21F959780032D9CF /* Resources */,
			);
			buildRules = (
			);
			dependencies = (
				9302986E21F959780032D9CF /* PBXTargetDependency */,
			);
			name = SleepingInTheLibraryTests;
			productName = SleepingInTheLibraryTests;
			productReference = 9302986C21F959780032D9CF /* SleepingInTheLibraryTests.xctest */;
			productType = "com.apple.product-type.bundle.unit-test";
		};
/* End PBXNativeTarget section */

/* Begin PBXProject section */
		9302984D21F959740032D9CF /* Project object */ = {
			isa = PBXProject;
			attributes = {
				LastSwiftUpdateCheck = 1010;
				LastUpgradeCheck = 1010;
				ORGANIZATIONNAME = Geek;
				TargetAttributes = {
					9302985421F959740032D9CF = {
						CreatedOnToolsVersion = 10.1;
					};
					9302986B21F959780032D9CF = {
						CreatedOnToolsVersion = 10.1;
						TestTargetID = 9302985421F959740032D9CF;
					};
				};
			};
			buildConfigurationList = 9302985021F959740032D9CF /* Build configuration list for PBXProject "SleepingInTheLibrary" */;
			compatibilityVersion = "Xcode 9.3";
			developmentRegion = en;
			hasScannedForEncodings = 0;
			knownRegions = (
				en,
				Base,
			);
			mainGroup = 9302984C21F959740032D9CF;
			productRefGroup = 9302985621F959740032D9CF /* Products */;
			projectDirPath = "";
			projectRoot = "";
			targets = (
				9302985421F959740032D9CF /* SleepingInTheLibrary */,
				9302986B21F959780032D9CF /* SleepingInTheLibraryTests */,
			);
		};
/* End PBXProject section */

/* Begin PBXResourcesBuildPhase section */
		9302985321F959740032D9CF /* Resources */ = {
			isa = PBXResourcesBuildPhase;
			buildActionMask = 2147483647;
			files = (
				9302986621F959780032D9CF /* LaunchScreen.storyboard in Resources */,
				9302986321F959780032D9CF /* Assets.xcassets in Resources */,
				9302985E21F959740032D9CF /* Main.storyboard in Resources */,
			);
			runOnlyForDeploymentPostprocessing = 0;
		};
		9302986A21F959780032D9CF /* Resources */ = {
			isa = PBXResourcesBuildPhase;
			buildActionMask = 2147483647;
			files = (
			);
			runOnlyForDeploymentPostprocessing = 0;
		};
/* End PBXResourcesBuildPhase section */

/* Begin PBXSourcesBuildPhase section */
		9302985121F959740032D9CF /* Sources */ = {
			isa = PBXSourcesBuildPhase;
			buildActionMask = 2147483647;
			files = (
				9302987E21F95FD60032D9CF /* Constants.swift in Sources */,
				9302987C21F95D9B0032D9CF /* GCDBlackBox.swift in Sources */,
				9302986121F959740032D9CF /* SleepingInTheLibrary.xcdatamodeld in Sources */,
				9302985B21F959740032D9CF /* ViewController.swift in Sources */,
				9302985921F959740032D9CF /* AppDelegate.swift in Sources */,
			);
			runOnlyForDeploymentPostprocessing = 0;
		};
		9302986821F959780032D9CF /* Sources */ = {
			isa = PBXSourcesBuildPhase;
			buildActionMask = 2147483647;
			files = (
				9302987121F959780032D9CF /* SleepingInTheLibraryTests.swift in Sources */,
			);
			runOnlyForDeploymentPostprocessing = 0;
		};
/* End PBXSourcesBuildPhase section */

/* Begin PBXTargetDependency section */
		9302986E21F959780032D9CF /* PBXTargetDependency */ = {
			isa = PBXTargetDependency;
			target = 9302985421F959740032D9CF /* SleepingInTheLibrary */;
			targetProxy = 9302986D21F959780032D9CF /* PBXContainerItemProxy */;
		};
/* End PBXTargetDependency section */

/* Begin PBXVariantGroup section */
		9302985C21F959740032D9CF /* Main.storyboard */ = {
			isa = PBXVariantGroup;
			children = (
				9302985D21F959740032D9CF /* Base */,
			);
			name = Main.storyboard;
			sourceTree = "<group>";
		};
		9302986421F959780032D9CF /* LaunchScreen.storyboard */ = {
			isa = PBXVariantGroup;
			children = (
				9302986521F959780032D9CF /* Base */,
			);
			name = LaunchScreen.storyboard;
			sourceTree = "<group>";
		};
/* End PBXVariantGroup section */

/* Begin XCBuildConfiguration section */
		9302987321F959790032D9CF /* Debug */ = {
			isa = XCBuildConfiguration;
			buildSettings = {
				ALWAYS_SEARCH_USER_PATHS = NO;
				CLANG_ANALYZER_NONNULL = YES;
				CLANG_ANALYZER_NUMBER_OBJECT_CONVERSION = YES_AGGRESSIVE;
				CLANG_CXX_LANGUAGE_STANDARD = "gnu++14";
				CLANG_CXX_LIBRARY = "libc++";
				CLANG_ENABLE_MODULES = YES;
				CLANG_ENABLE_OBJC_ARC = YES;
				CLANG_ENABLE_OBJC_WEAK = YES;
				CLANG_WARN_BLOCK_CAPTURE_AUTORELEASING = YES;
				CLANG_WARN_BOOL_CONVERSION = YES;
				CLANG_WARN_COMMA = YES;
				CLANG_WARN_CONSTANT_CONVERSION = YES;
				CLANG_WARN_DEPRECATED_OBJC_IMPLEMENTATIONS = YES;
				CLANG_WARN_DIRECT_OBJC_ISA_USAGE = YES_ERROR;
				CLANG_WARN_DOCUMENTATION_COMMENTS = YES;
				CLANG_WARN_EMPTY_BODY = YES;
				CLANG_WARN_ENUM_CONVERSION = YES;
				CLANG_WARN_INFINITE_RECURSION = YES;
				CLANG_WARN_INT_CONVERSION = YES;
				CLANG_WARN_NON_LITERAL_NULL_CONVERSION = YES;
				CLANG_WARN_OBJC_IMPLICIT_RETAIN_SELF = YES;
				CLANG_WARN_OBJC_LITERAL_CONVERSION = YES;
				CLANG_WARN_OBJC_ROOT_CLASS = YES_ERROR;
				CLANG_WARN_RANGE_LOOP_ANALYSIS = YES;
				CLANG_WARN_STRICT_PROTOTYPES = YES;
				CLANG_WARN_SUSPICIOUS_MOVE = YES;
				CLANG_WARN_UNGUARDED_AVAILABILITY = YES_AGGRESSIVE;
				CLANG_WARN_UNREACHABLE_CODE = YES;
				CLANG_WARN__DUPLICATE_METHOD_MATCH = YES;
				CODE_SIGN_IDENTITY = "iPhone Developer";
				COPY_PHASE_STRIP = NO;
				DEBUG_INFORMATION_FORMAT = dwarf;
				ENABLE_STRICT_OBJC_MSGSEND = YES;
				ENABLE_TESTABILITY = YES;
				GCC_C_LANGUAGE_STANDARD = gnu11;
				GCC_DYNAMIC_NO_PIC = NO;
				GCC_NO_COMMON_BLOCKS = YES;
				GCC_OPTIMIZATION_LEVEL = 0;
				GCC_PREPROCESSOR_DEFINITIONS = (
					"DEBUG=1",
					"$(inherited)",
				);
				GCC_WARN_64_TO_32_BIT_CONVERSION = YES;
				GCC_WARN_ABOUT_RETURN_TYPE = YES_ERROR;
				GCC_WARN_UNDECLARED_SELECTOR = YES;
				GCC_WARN_UNINITIALIZED_AUTOS = YES_AGGRESSIVE;
				GCC_WARN_UNUSED_FUNCTION = YES;
				GCC_WARN_UNUSED_VARIABLE = YES;
				IPHONEOS_DEPLOYMENT_TARGET = 12.1;
				MTL_ENABLE_DEBUG_INFO = INCLUDE_SOURCE;
				MTL_FAST_MATH = YES;
				ONLY_ACTIVE_ARCH = YES;
				SDKROOT = iphoneos;
				SWIFT_ACTIVE_COMPILATION_CONDITIONS = DEBUG;
				SWIFT_OPTIMIZATION_LEVEL = "-Onone";
			};
			name = Debug;
		};
		9302987421F959790032D9CF /* Release */ = {
			isa = XCBuildConfiguration;
			buildSettings = {
				ALWAYS_SEARCH_USER_PATHS = NO;
				CLANG_ANALYZER_NONNULL = YES;
				CLANG_ANALYZER_NUMBER_OBJECT_CONVERSION = YES_AGGRESSIVE;
				CLANG_CXX_LANGUAGE_STANDARD = "gnu++14";
				CLANG_CXX_LIBRARY = "libc++";
				CLANG_ENABLE_MODULES = YES;
				CLANG_ENABLE_OBJC_ARC = YES;
				CLANG_ENABLE_OBJC_WEAK = YES;
				CLANG_WARN_BLOCK_CAPTURE_AUTORELEASING = YES;
				CLANG_WARN_BOOL_CONVERSION = YES;
				CLANG_WARN_COMMA = YES;
				CLANG_WARN_CONSTANT_CONVERSION = YES;
				CLANG_WARN_DEPRECATED_OBJC_IMPLEMENTATIONS = YES;
				CLANG_WARN_DIRECT_OBJC_ISA_USAGE = YES_ERROR;
				CLANG_WARN_DOCUMENTATION_COMMENTS = YES;
				CLANG_WARN_EMPTY_BODY = YES;
				CLANG_WARN_ENUM_CONVERSION = YES;
				CLANG_WARN_INFINITE_RECURSION = YES;
				CLANG_WARN_INT_CONVERSION = YES;
				CLANG_WARN_NON_LITERAL_NULL_CONVERSION = YES;
				CLANG_WARN_OBJC_IMPLICIT_RETAIN_SELF = YES;
				CLANG_WARN_OBJC_LITERAL_CONVERSION = YES;
				CLANG_WARN_OBJC_ROOT_CLASS = YES_ERROR;
				CLANG_WARN_RANGE_LOOP_ANALYSIS = YES;
				CLANG_WARN_STRICT_PROTOTYPES = YES;
				CLANG_WARN_SUSPICIOUS_MOVE = YES;
				CLANG_WARN_UNGUARDED_AVAILABILITY = YES_AGGRESSIVE;
				CLANG_WARN_UNREACHABLE_CODE = YES;
				CLANG_WARN__DUPLICATE_METHOD_MATCH = YES;
				CODE_SIGN_IDENTITY = "iPhone Developer";
				COPY_PHASE_STRIP = NO;
				DEBUG_INFORMATION_FORMAT = "dwarf-with-dsym";
				ENABLE_NS_ASSERTIONS = NO;
				ENABLE_STRICT_OBJC_MSGSEND = YES;
				GCC_C_LANGUAGE_STANDARD = gnu11;
				GCC_NO_COMMON_BLOCKS = YES;
				GCC_WARN_64_TO_32_BIT_CONVERSION = YES;
				GCC_WARN_ABOUT_RETURN_TYPE = YES_ERROR;
				GCC_WARN_UNDECLARED_SELECTOR = YES;
				GCC_WARN_UNINITIALIZED_AUTOS = YES_AGGRESSIVE;
				GCC_WARN_UNUSED_FUNCTION = YES;
				GCC_WARN_UNUSED_VARIABLE = YES;
				IPHONEOS_DEPLOYMENT_TARGET = 12.1;
				MTL_ENABLE_DEBUG_INFO = NO;
				MTL_FAST_MATH = YES;
				SDKROOT = iphoneos;
				SWIFT_COMPILATION_MODE = wholemodule;
				SWIFT_OPTIMIZATION_LEVEL = "-O";
				VALIDATE_PRODUCT = YES;
			};
			name = Release;
		};
		9302987621F959790032D9CF /* Debug */ = {
			isa = XCBuildConfiguration;
			buildSettings = {
				ASSETCATALOG_COMPILER_APPICON_NAME = AppIcon;
				CODE_SIGN_STYLE = Automatic;
				INFOPLIST_FILE = SleepingInTheLibrary/Info.plist;
				LD_RUNPATH_SEARCH_PATHS = (
					"$(inherited)",
					"@executable_path/Frameworks",
				);
				PRODUCT_BUNDLE_IDENTIFIER = com.udacity.SleepingInTheLibrary;
				PRODUCT_NAME = "$(TARGET_NAME)";
				SWIFT_VERSION = 4.2;
				TARGETED_DEVICE_FAMILY = "1,2";
			};
			name = Debug;
		};
		9302987721F959790032D9CF /* Release */ = {
			isa = XCBuildConfiguration;
			buildSettings = {
				ASSETCATALOG_COMPILER_APPICON_NAME = AppIcon;
				CODE_SIGN_STYLE = Automatic;
				INFOPLIST_FILE = SleepingInTheLibrary/Info.plist;
				LD_RUNPATH_SEARCH_PATHS = (
					"$(inherited)",
					"@executable_path/Frameworks",
				);
				PRODUCT_BUNDLE_IDENTIFIER = com.udacity.SleepingInTheLibrary;
				PRODUCT_NAME = "$(TARGET_NAME)";
				SWIFT_VERSION = 4.2;
				TARGETED_DEVICE_FAMILY = "1,2";
			};
			name = Release;
		};
		9302987921F959790032D9CF /* Debug */ = {
			isa = XCBuildConfiguration;
			buildSettings = {
				ALWAYS_EMBED_SWIFT_STANDARD_LIBRARIES = YES;
				BUNDLE_LOADER = "$(TEST_HOST)";
				CODE_SIGN_STYLE = Automatic;
				INFOPLIST_FILE = SleepingInTheLibraryTests/Info.plist;
				LD_RUNPATH_SEARCH_PATHS = (
					"$(inherited)",
					"@executable_path/Frameworks",
					"@loader_path/Frameworks",
				);
				PRODUCT_BUNDLE_IDENTIFIER = com.udacity.SleepingInTheLibraryTests;
				PRODUCT_NAME = "$(TARGET_NAME)";
				SWIFT_VERSION = 4.2;
				TARGETED_DEVICE_FAMILY = "1,2";
				TEST_HOST = "$(BUILT_PRODUCTS_DIR)/SleepingInTheLibrary.app/SleepingInTheLibrary";
			};
			name = Debug;
		};
		9302987A21F959790032D9CF /* Release */ = {
			isa = XCBuildConfiguration;
			buildSettings = {
				ALWAYS_EMBED_SWIFT_STANDARD_LIBRARIES = YES;
				BUNDLE_LOADER = "$(TEST_HOST)";
				CODE_SIGN_STYLE = Automatic;
				INFOPLIST_FILE = SleepingInTheLibraryTests/Info.plist;
				LD_RUNPATH_SEARCH_PATHS = (
					"$(inherited)",
					"@executable_path/Frameworks",
					"@loader_path/Frameworks",
				);
				PRODUCT_BUNDLE_IDENTIFIER = com.udacity.SleepingInTheLibraryTests;
				PRODUCT_NAME = "$(TARGET_NAME)";
				SWIFT_VERSION = 4.2;
				TARGETED_DEVICE_FAMILY = "1,2";
				TEST_HOST = "$(BUILT_PRODUCTS_DIR)/SleepingInTheLibrary.app/SleepingInTheLibrary";
			};
			name = Release;
		};
/* End XCBuildConfiguration section */

/* Begin XCConfigurationList section */
		9302985021F959740032D9CF /* Build configuration list for PBXProject "SleepingInTheLibrary" */ = {
			isa = XCConfigurationList;
			buildConfigurations = (
				9302987321F959790032D9CF /* Debug */,
				9302987421F959790032D9CF /* Release */,
			);
			defaultConfigurationIsVisible = 0;
			defaultConfigurationName = Release;
		};
		9302987521F959790032D9CF /* Build configuration list for PBXNativeTarget "SleepingInTheLibrary" */ = {
			isa = XCConfigurationList;
			buildConfigurations = (
				9302987621F959790032D9CF /* Debug */,
				9302987721F959790032D9CF /* Release */,
			);
			defaultConfigurationIsVisible = 0;
			defaultConfigurationName = Release;
		};
		9302987821F959790032D9CF /* Build configuration list for PBXNativeTarget "SleepingInTheLibraryTests" */ = {
			isa = XCConfigurationList;
			buildConfigurations = (
				9302987921F959790032D9CF /* Debug */,
				9302987A21F959790032D9CF /* Release */,
			);
			defaultConfigurationIsVisible = 0;
			defaultConfigurationName = Release;
		};
/* End XCConfigurationList section */

/* Begin XCVersionGroup section */
		9302985F21F959740032D9CF /* SleepingInTheLibrary.xcdatamodeld */ = {
			isa = XCVersionGroup;
			children = (
				9302986021F959740032D9CF /* SleepingInTheLibrary.xcdatamodel */,
			);
			currentVersion = 9302986021F959740032D9CF /* SleepingInTheLibrary.xcdatamodel */;
			path = SleepingInTheLibrary.xcdatamodeld;
			sourceTree = "<group>";
			versionGroupType = wrapper.xcdatamodel;
		};
/* End XCVersionGroup section */
	};
	rootObject = 9302984D21F959740032D9CF /* Project object */;
}
